
Microsoft Visual Studio Solution File, Format Version 12.00
# Visual Studio Version 16
VisualStudioVersion = 16.0.32929.386
MinimumVisualStudioVersion = 10.0.40219.1
Project("{FAE04EC0-301F-11D3-BF4B-00C04F79EFBC}") = "SafeCore", "Safe Core\SafeCore.csproj", "{08F08E67-AE7F-40C5-A378-0A64321BB764}"
EndProject
Project("{FAE04EC0-301F-11D3-BF4B-00C04F79EFBC}") = "SafeCore.DAL", "SafeCore.DAL\SafeCore.DAL.csproj", "{2E79FCFB-3904-41E9-AB14-D77F798779B9}"
EndProject
Project("{FAE04EC0-301F-11D3-BF4B-00C04F79EFBC}") = "SafeCore.BLL", "SafeCore.BLL\SafeCore.BLL.csproj", "{93BB83E3-822B-4E39-B42F-BF7DAB113144}"
EndProject
Global
	GlobalSection(SolutionConfigurationPlatforms) = preSolution
		Debug|Any CPU = Debug|Any CPU
		Release|Any CPU = Release|Any CPU
	EndGlobalSection
	GlobalSection(ProjectConfigurationPlatforms) = postSolution
		{08F08E67-AE7F-40C5-A378-0A64321BB764}.Debug|Any CPU.ActiveCfg = Debug|Any CPU
		{08F08E67-AE7F-40C5-A378-0A64321BB764}.Debug|Any CPU.Build.0 = Debug|Any CPU
		{08F08E67-AE7F-40C5-A378-0A64321BB764}.Release|Any CPU.ActiveCfg = Release|Any CPU
		{08F08E67-AE7F-40C5-A378-0A64321BB764}.Release|Any CPU.Build.0 = Release|Any CPU
		{2E79FCFB-3904-41E9-AB14-D77F798779B9}.Debug|Any CPU.ActiveCfg = Debug|Any CPU
		{2E79FCFB-3904-41E9-AB14-D77F798779B9}.Debug|Any CPU.Build.0 = Debug|Any CPU
		{2E79FCFB-3904-41E9-AB14-D77F798779B9}.Release|Any CPU.ActiveCfg = Release|Any CPU
		{2E79FCFB-3904-41E9-AB14-D77F798779B9}.Release|Any CPU.Build.0 = Release|Any CPU
		{93BB83E3-822B-4E39-B42F-BF7DAB113144}.Debug|Any CPU.ActiveCfg = Debug|Any CPU
		{93BB83E3-822B-4E39-B42F-BF7DAB113144}.Debug|Any CPU.Build.0 = Debug|Any CPU
		{93BB83E3-822B-4E39-B42F-BF7DAB113144}.Release|Any CPU.ActiveCfg = Release|Any CPU
		{93BB83E3-822B-4E39-B42F-BF7DAB113144}.Release|Any CPU.Build.0 = Release|Any CPU
	EndGlobalSection
	GlobalSection(SolutionProperties) = preSolution
		HideSolutionNode = FALSE
	EndGlobalSection
	GlobalSection(ExtensibilityGlobals) = postSolution
		SolutionGuid = {C7EA5BE1-27B4-486B-B910-21702853FA31}
	EndGlobalSection
EndGlobal
