
Microsoft Visual Studio Solution File, Format Version 12.00
# Visual Studio Version 16
VisualStudioVersion = 16.0.32929.386
MinimumVisualStudioVersion = 10.0.40219.1
Project("{FAE04EC0-301F-11D3-BF4B-00C04F79EFBC}") = "SafeCore", "Safe Core\SafeCore.csproj", "{08F08E67-AE7F-40C5-A378-0A64321BB764}"
EndProject
Project("{FAE04EC0-301F-11D3-BF4B-00C04F79EFBC}") = "SafeCore.Tests", "Safe Core.Tests\SafeCore.Tests.csproj", "{0952DA3F-F94E-4410-A373-66E812690A69}"
EndProject
Project("{FAE04EC0-301F-11D3-BF4B-00C04F79EFBC}") = "SafeCore.DAL", "SafeCore.DAL\SafeCore.DAL.csproj", "{CFC23717-22E7-4DE7-A47D-70379F37EF3B}"
EndProject
Project("{FAE04EC0-301F-11D3-BF4B-00C04F79EFBC}") = "SafeCore.BLL", "SafeCore.BLL\SafeCore.BLL.csproj", "{E58AC282-4C39-427F-98DB-6F664C258FC9}"
EndProject
Global
	GlobalSection(SolutionConfigurationPlatforms) = preSolution
		Debug|Any CPU = Debug|Any CPU
		Release|Any CPU = Release|Any CPU
	EndGlobalSection
	GlobalSection(ProjectConfigurationPlatforms) = postSolution
		{08F08E67-AE7F-40C5-A378-0A64321BB764}.Debug|Any CPU.ActiveCfg = Debug|Any CPU
		{08F08E67-AE7F-40C5-A378-0A64321BB764}.Debug|Any CPU.Build.0 = Debug|Any CPU
		{08F08E67-AE7F-40C5-A378-0A64321BB764}.Release|Any CPU.ActiveCfg = Release|Any CPU
		{08F08E67-AE7F-40C5-A378-0A64321BB764}.Release|Any CPU.Build.0 = Release|Any CPU
		{0952DA3F-F94E-4410-A373-66E812690A69}.Debug|Any CPU.ActiveCfg = Debug|Any CPU
		{0952DA3F-F94E-4410-A373-66E812690A69}.Debug|Any CPU.Build.0 = Debug|Any CPU
		{0952DA3F-F94E-4410-A373-66E812690A69}.Release|Any CPU.ActiveCfg = Release|Any CPU
		{0952DA3F-F94E-4410-A373-66E812690A69}.Release|Any CPU.Build.0 = Release|Any CPU
		{CFC23717-22E7-4DE7-A47D-70379F37EF3B}.Debug|Any CPU.ActiveCfg = Debug|Any CPU
		{CFC23717-22E7-4DE7-A47D-70379F37EF3B}.Debug|Any CPU.Build.0 = Debug|Any CPU
		{CFC23717-22E7-4DE7-A47D-70379F37EF3B}.Release|Any CPU.ActiveCfg = Release|Any CPU
		{CFC23717-22E7-4DE7-A47D-70379F37EF3B}.Release|Any CPU.Build.0 = Release|Any CPU
		{E58AC282-4C39-427F-98DB-6F664C258FC9}.Debug|Any CPU.ActiveCfg = Debug|Any CPU
		{E58AC282-4C39-427F-98DB-6F664C258FC9}.Debug|Any CPU.Build.0 = Debug|Any CPU
		{E58AC282-4C39-427F-98DB-6F664C258FC9}.Release|Any CPU.ActiveCfg = Release|Any CPU
		{E58AC282-4C39-427F-98DB-6F664C258FC9}.Release|Any CPU.Build.0 = Release|Any CPU
	EndGlobalSection
	GlobalSection(SolutionProperties) = preSolution
		HideSolutionNode = FALSE
	EndGlobalSection
	GlobalSection(ExtensibilityGlobals) = postSolution
		SolutionGuid = {C7EA5BE1-27B4-486B-B910-21702853FA31}
	EndGlobalSection
EndGlobal
