
Microsoft Visual Studio Solution File, Format Version 12.00
# Visual Studio Version 17
VisualStudioVersion = 17.3.32825.248
MinimumVisualStudioVersion = 10.0.40219.1
Project("{FAE04EC0-301F-11D3-BF4B-00C04F79EFBC}") = "Safe Core", "Safe Core\Safe Core.csproj", "{08F08E67-AE7F-40C5-A378-0A64321BB764}"
EndProject
Project("{FAE04EC0-301F-11D3-BF4B-00C04F79EFBC}") = "Safe Core.Tests", "Safe Core.Tests\Safe Core.Tests.csproj", "{0952DA3F-F94E-4410-A373-66E812690A69}"
EndProject
Global
	GlobalSection(SolutionConfigurationPlatforms) = preSolution
		Debug|Any CPU = Debug|Any CPU
		Release|Any CPU = Release|Any CPU
	EndGlobalSection
	GlobalSection(ProjectConfigurationPlatforms) = postSolution
		{08F08E67-AE7F-40C5-A378-0A64321BB764}.Debug|Any CPU.ActiveCfg = Debug|Any CPU
		{08F08E67-AE7F-40C5-A378-0A64321BB764}.Debug|Any CPU.Build.0 = Debug|Any CPU
		{08F08E67-AE7F-40C5-A378-0A64321BB764}.Release|Any CPU.ActiveCfg = Release|Any CPU
		{08F08E67-AE7F-40C5-A378-0A64321BB764}.Release|Any CPU.Build.0 = Release|Any CPU
		{0952DA3F-F94E-4410-A373-66E812690A69}.Debug|Any CPU.ActiveCfg = Debug|Any CPU
		{0952DA3F-F94E-4410-A373-66E812690A69}.Debug|Any CPU.Build.0 = Debug|Any CPU
		{0952DA3F-F94E-4410-A373-66E812690A69}.Release|Any CPU.ActiveCfg = Release|Any CPU
		{0952DA3F-F94E-4410-A373-66E812690A69}.Release|Any CPU.Build.0 = Release|Any CPU
	EndGlobalSection
	GlobalSection(SolutionProperties) = preSolution
		HideSolutionNode = FALSE
	EndGlobalSection
	GlobalSection(ExtensibilityGlobals) = postSolution
		SolutionGuid = {C7EA5BE1-27B4-486B-B910-21702853FA31}
	EndGlobalSection
EndGlobal
